
Microsoft Visual Studio Solution File, Format Version 12.00
# Visual Studio Version 16
VisualStudioVersion = 16.0.31402.337
MinimumVisualStudioVersion = 10.0.40219.1
Project("{8BC9CEB8-8B4A-11D0-8D11-00A0C91BC942}") = "debug", "debug\debug.vcxproj", "{9D77D7EF-A046-43F7-A7C5-1ACA92EA0C50}"
EndProject
Global
	GlobalSection(SolutionConfigurationPlatforms) = preSolution
		Debug|x64 = Debug|x64
		Debug|x86 = Debug|x86
		Release|x64 = Release|x64
		Release|x86 = Release|x86
	EndGlobalSection
	GlobalSection(ProjectConfigurationPlatforms) = postSolution
		{9D77D7EF-A046-43F7-A7C5-1ACA92EA0C50}.Debug|x64.ActiveCfg = Debug|x64
		{9D77D7EF-A046-43F7-A7C5-1ACA92EA0C50}.Debug|x64.Build.0 = Debug|x64
		{9D77D7EF-A046-43F7-A7C5-1ACA92EA0C50}.Debug|x86.ActiveCfg = Debug|Win32
		{9D77D7EF-A046-43F7-A7C5-1ACA92EA0C50}.Debug|x86.Build.0 = Debug|Win32
		{9D77D7EF-A046-43F7-A7C5-1ACA92EA0C50}.Release|x64.ActiveCfg = Release|x64
		{9D77D7EF-A046-43F7-A7C5-1ACA92EA0C50}.Release|x64.Build.0 = Release|x64
		{9D77D7EF-A046-43F7-A7C5-1ACA92EA0C50}.Release|x86.ActiveCfg = Release|Win32
		{9D77D7EF-A046-43F7-A7C5-1ACA92EA0C50}.Release|x86.Build.0 = Release|Win32
	EndGlobalSection
	GlobalSection(SolutionProperties) = preSolution
		HideSolutionNode = FALSE
	EndGlobalSection
	GlobalSection(ExtensibilityGlobals) = postSolution
		SolutionGuid = {919904D6-7F29-430C-85B8-0E10F2AE8F63}
	EndGlobalSection
EndGlobal
